
Microsoft Visual Studio Solution File, Format Version 12.00
# Visual Studio Version 16
VisualStudioVersion = 16.0.30711.63
MinimumVisualStudioVersion = 10.0.40219.1
Project("{9A19103F-16F7-4668-BE54-9A1E7A4F7556}") = "RedirectPage", "RedirectPage.csproj", "{D315A504-1B0F-41F7-B5A5-70F60431BB2B}"
EndProject
Global
	GlobalSection(SolutionConfigurationPlatforms) = preSolution
		Debug|Any CPU = Debug|Any CPU
		Release|Any CPU = Release|Any CPU
	EndGlobalSection
	GlobalSection(ProjectConfigurationPlatforms) = postSolution
		{D315A504-1B0F-41F7-B5A5-70F60431BB2B}.Debug|Any CPU.ActiveCfg = Debug|Any CPU
		{D315A504-1B0F-41F7-B5A5-70F60431BB2B}.Debug|Any CPU.Build.0 = Debug|Any CPU
		{D315A504-1B0F-41F7-B5A5-70F60431BB2B}.Release|Any CPU.ActiveCfg = Release|Any CPU
		{D315A504-1B0F-41F7-B5A5-70F60431BB2B}.Release|Any CPU.Build.0 = Release|Any CPU
	EndGlobalSection
	GlobalSection(SolutionProperties) = preSolution
		HideSolutionNode = FALSE
	EndGlobalSection
	GlobalSection(ExtensibilityGlobals) = postSolution
		SolutionGuid = {DBE2D75A-FD76-4A0D-92BB-1B23A8DB6D88}
	EndGlobalSection
EndGlobal
